
Microsoft Visual Studio Solution File, Format Version 12.00
# Visual Studio Version 16
VisualStudioVersion = 16.0.30320.27
MinimumVisualStudioVersion = 10.0.40219.1
Project("{FAE04EC0-301F-11D3-BF4B-00C04F79EFBC}") = "ExperimantWithControls", "ExperimantWithControls\ExperimantWithControls.csproj", "{09D10D99-3B08-4E36-9A39-D3C502543003}"
EndProject
Global
	GlobalSection(SolutionConfigurationPlatforms) = preSolution
		Debug|Any CPU = Debug|Any CPU
		Release|Any CPU = Release|Any CPU
	EndGlobalSection
	GlobalSection(ProjectConfigurationPlatforms) = postSolution
		{09D10D99-3B08-4E36-9A39-D3C502543003}.Debug|Any CPU.ActiveCfg = Debug|Any CPU
		{09D10D99-3B08-4E36-9A39-D3C502543003}.Debug|Any CPU.Build.0 = Debug|Any CPU
		{09D10D99-3B08-4E36-9A39-D3C502543003}.Release|Any CPU.ActiveCfg = Release|Any CPU
		{09D10D99-3B08-4E36-9A39-D3C502543003}.Release|Any CPU.Build.0 = Release|Any CPU
	EndGlobalSection
	GlobalSection(SolutionProperties) = preSolution
		HideSolutionNode = FALSE
	EndGlobalSection
	GlobalSection(ExtensibilityGlobals) = postSolution
		SolutionGuid = {B83B5B03-BB02-45AA-BF90-48C8D81AEC11}
	EndGlobalSection
EndGlobal
